
Microsoft Visual Studio Solution File, Format Version 12.00
# Visual Studio 15
VisualStudioVersion = 15.0.28307.1259
MinimumVisualStudioVersion = 10.0.40219.1
Project("{FAE04EC0-301F-11D3-BF4B-00C04F79EFBC}") = "Aquariusengines", "Aquariusengines\Aquariusengines.csproj", "{06269D02-8125-4FDD-9570-CC3121162431}"
EndProject
Project("{FAE04EC0-301F-11D3-BF4B-00C04F79EFBC}") = "IOT_Device", "IOT_Device\IOT_Device.csproj", "{8A4E5AE1-C92E-4D36-8CB1-9D4990C0D22F}"
EndProject
Project("{FAE04EC0-301F-11D3-BF4B-00C04F79EFBC}") = "DataModel", "DataModel\DataModel.csproj", "{19A2F9AB-55E9-453A-B064-760F09CE0D95}"
EndProject
Global
	GlobalSection(SolutionConfigurationPlatforms) = preSolution
		Debug|Any CPU = Debug|Any CPU
		Release|Any CPU = Release|Any CPU
	EndGlobalSection
	GlobalSection(ProjectConfigurationPlatforms) = postSolution
		{06269D02-8125-4FDD-9570-CC3121162431}.Debug|Any CPU.ActiveCfg = Debug|Any CPU
		{06269D02-8125-4FDD-9570-CC3121162431}.Debug|Any CPU.Build.0 = Debug|Any CPU
		{06269D02-8125-4FDD-9570-CC3121162431}.Release|Any CPU.ActiveCfg = Release|Any CPU
		{06269D02-8125-4FDD-9570-CC3121162431}.Release|Any CPU.Build.0 = Release|Any CPU
		{8A4E5AE1-C92E-4D36-8CB1-9D4990C0D22F}.Debug|Any CPU.ActiveCfg = Debug|Any CPU
		{8A4E5AE1-C92E-4D36-8CB1-9D4990C0D22F}.Debug|Any CPU.Build.0 = Debug|Any CPU
		{8A4E5AE1-C92E-4D36-8CB1-9D4990C0D22F}.Release|Any CPU.ActiveCfg = Release|Any CPU
		{8A4E5AE1-C92E-4D36-8CB1-9D4990C0D22F}.Release|Any CPU.Build.0 = Release|Any CPU
		{19A2F9AB-55E9-453A-B064-760F09CE0D95}.Debug|Any CPU.ActiveCfg = Debug|Any CPU
		{19A2F9AB-55E9-453A-B064-760F09CE0D95}.Debug|Any CPU.Build.0 = Debug|Any CPU
		{19A2F9AB-55E9-453A-B064-760F09CE0D95}.Release|Any CPU.ActiveCfg = Release|Any CPU
		{19A2F9AB-55E9-453A-B064-760F09CE0D95}.Release|Any CPU.Build.0 = Release|Any CPU
	EndGlobalSection
	GlobalSection(SolutionProperties) = preSolution
		HideSolutionNode = FALSE
	EndGlobalSection
	GlobalSection(ExtensibilityGlobals) = postSolution
		SolutionGuid = {79B2A9D9-01BA-4520-94FC-B44765645620}
	EndGlobalSection
EndGlobal
